
Microsoft Visual Studio Solution File, Format Version 12.00
# Visual Studio Version 17
VisualStudioVersion = 17.3.32825.248
MinimumVisualStudioVersion = 10.0.40219.1
Project("{888888A0-9F3D-457C-B088-3A5042F75D52}") = "python-dock-01", "python-dock-01\python-dock-01.pyproj", "{51A50367-4589-4D0C-87B0-9B7D67AEAB25}"
EndProject
Global
	GlobalSection(SolutionConfigurationPlatforms) = preSolution
		Debug|Any CPU = Debug|Any CPU
		Release|Any CPU = Release|Any CPU
	EndGlobalSection
	GlobalSection(ProjectConfigurationPlatforms) = postSolution
		{51A50367-4589-4D0C-87B0-9B7D67AEAB25}.Debug|Any CPU.ActiveCfg = Debug|Any CPU
		{51A50367-4589-4D0C-87B0-9B7D67AEAB25}.Release|Any CPU.ActiveCfg = Release|Any CPU
	EndGlobalSection
	GlobalSection(SolutionProperties) = preSolution
		HideSolutionNode = FALSE
	EndGlobalSection
	GlobalSection(ExtensibilityGlobals) = postSolution
		SolutionGuid = {639AACEE-6F06-417B-81FC-C8CB7AFB9331}
	EndGlobalSection
EndGlobal
